
Microsoft Visual Studio Solution File, Format Version 12.00
# Visual Studio Version 17
VisualStudioVersion = 17.0.31903.59
MinimumVisualStudioVersion = 10.0.40219.1
Project("{2150E333-8FDC-42A3-9474-1A3956D46DE8}") = "src", "src", "{2EA26902-DB73-4952-9C6C-FAD5AFF2FDEB}"
EndProject
Project("{9A19103F-16F7-4668-BE54-9A1E7A4F7556}") = "ImageResize", "src\ImageResize\ImageResize.csproj", "{522F777B-8D02-401C-9649-75830C951DBB}"
EndProject
Global
	GlobalSection(SolutionConfigurationPlatforms) = preSolution
		Debug|Any CPU = Debug|Any CPU
		Release|Any CPU = Release|Any CPU
	EndGlobalSection
	GlobalSection(ProjectConfigurationPlatforms) = postSolution
		{522F777B-8D02-401C-9649-75830C951DBB}.Debug|Any CPU.ActiveCfg = Debug|Any CPU
		{522F777B-8D02-401C-9649-75830C951DBB}.Debug|Any CPU.Build.0 = Debug|Any CPU
		{522F777B-8D02-401C-9649-75830C951DBB}.Release|Any CPU.ActiveCfg = Release|Any CPU
		{522F777B-8D02-401C-9649-75830C951DBB}.Release|Any CPU.Build.0 = Release|Any CPU
	EndGlobalSection
	GlobalSection(SolutionProperties) = preSolution
		HideSolutionNode = FALSE
	EndGlobalSection
	GlobalSection(NestedProjects) = preSolution
		{522F777B-8D02-401C-9649-75830C951DBB} = {2EA26902-DB73-4952-9C6C-FAD5AFF2FDEB}
	EndGlobalSection
EndGlobal
